
Microsoft Visual Studio Solution File, Format Version 12.00
Project("{FAE04EC0-301F-11D3-BF4B-00C04F79EFBC}") = "MyWebApplication", "MyWebApplication\MyWebApplication.csproj", "{2E07908E-BF0D-4BA2-887D-FD1A19033B4D}"
EndProject
Project("{FAE04EC0-301F-11D3-BF4B-00C04F79EFBC}") = "MyWebApplicationxUnitTests", "MyWebApplicationxUnitTests\MyWebApplicationxUnitTests.csproj", "{6017D8FB-27C3-4634-9F0E-9665594E1A82}"
EndProject
Global
	GlobalSection(SolutionConfigurationPlatforms) = preSolution
		Debug|Any CPU = Debug|Any CPU
		Release|Any CPU = Release|Any CPU
	EndGlobalSection
	GlobalSection(ProjectConfigurationPlatforms) = postSolution
		{2E07908E-BF0D-4BA2-887D-FD1A19033B4D}.Debug|Any CPU.ActiveCfg = Debug|Any CPU
		{2E07908E-BF0D-4BA2-887D-FD1A19033B4D}.Debug|Any CPU.Build.0 = Debug|Any CPU
		{2E07908E-BF0D-4BA2-887D-FD1A19033B4D}.Release|Any CPU.ActiveCfg = Release|Any CPU
		{2E07908E-BF0D-4BA2-887D-FD1A19033B4D}.Release|Any CPU.Build.0 = Release|Any CPU
		{6017D8FB-27C3-4634-9F0E-9665594E1A82}.Debug|Any CPU.ActiveCfg = Debug|Any CPU
		{6017D8FB-27C3-4634-9F0E-9665594E1A82}.Debug|Any CPU.Build.0 = Debug|Any CPU
		{6017D8FB-27C3-4634-9F0E-9665594E1A82}.Release|Any CPU.ActiveCfg = Release|Any CPU
		{6017D8FB-27C3-4634-9F0E-9665594E1A82}.Release|Any CPU.Build.0 = Release|Any CPU
	EndGlobalSection
EndGlobal
